
Microsoft Visual Studio Solution File, Format Version 12.00
# Visual Studio 15
Project("{FAE04EC0-301F-11D3-BF4B-00C04F79EFBC}") = "Assembly-CSharp", "Assembly-CSharp.csproj", "{AEA9694A-CB45-03DE-9084-7ADA1BE8D903}"
EndProject
Global
	GlobalSection(SolutionConfigurationPlatforms) = preSolution
		Debug|Any CPU = Debug|Any CPU
		Release|Any CPU = Release|Any CPU
	EndGlobalSection
	GlobalSection(ProjectConfigurationPlatforms) = postSolution
		{AEA9694A-CB45-03DE-9084-7ADA1BE8D903}.Debug|Any CPU.ActiveCfg = Debug|Any CPU
		{AEA9694A-CB45-03DE-9084-7ADA1BE8D903}.Debug|Any CPU.Build.0 = Debug|Any CPU
		{AEA9694A-CB45-03DE-9084-7ADA1BE8D903}.Release|Any CPU.ActiveCfg = Release|Any CPU
		{AEA9694A-CB45-03DE-9084-7ADA1BE8D903}.Release|Any CPU.Build.0 = Release|Any CPU
	EndGlobalSection
	GlobalSection(SolutionProperties) = preSolution
		HideSolutionNode = FALSE
	EndGlobalSection
EndGlobal
